{
  "name": "@uon/core",
  "version": "0.1.0",
  "lockfileVersion": 1,
  "requires": true,
  "dependencies": {
    "@types/reflect-metadata": {
      "version": "0.0.5",
      "resolved": "https://registry.npmjs.org/@types/reflect-metadata/-/reflect-metadata-0.0.5.tgz",
      "integrity": "sha1-nAQr+pgD1Xeq1PV9+8pLfK5Chv4=",
      "dev": true
    },
    "reflect-metadata": {
      "version": "0.1.10",
      "resolved": "https://registry.npmjs.org/reflect-metadata/-/reflect-metadata-0.1.10.tgz",
      "integrity": "sha1-tPg3BEFqytiZiMmxVjXUfgO5NEo=",
      "dev": true
    }
  }
}
